<?xml version="1.0" encoding="utf-8"?>
<Project ToolsVersion="4.0" xmlns="http://schemas.microsoft.com/developer/msbuild/2003">
  <ItemGroup>
    <Filter Include="Source Files">
      <UniqueIdentifier>{4FC737F1-C7A5-4376-A066-2A32D752A2FF}</UniqueIdentifier>
      <Extensions>cpp;c;cc;cxx;def;odl;idl;hpj;bat;asm;asmx</Extensions>
    </Filter>
    <Filter Include="Header Files">
      <UniqueIdentifier>{93995380-89BD-4b04-88EB-625FBE52EBFB}</UniqueIdentifier>
      <Extensions>h;hh;hpp;hxx;hm;inl;inc;xsd</Extensions>
    </Filter>
    <Filter Include="Resource Files">
      <UniqueIdentifier>{67DA6AB6-F800-4c08-8B7A-83BB121AAD01}</UniqueIdentifier>
      <Extensions>rc;ico;cur;bmp;dlg;rc2;rct;bin;rgs;gif;jpg;jpeg;jpe;resx;tiff;tif;png;wav;mfcribbon-ms</Extensions>
    </Filter>
    <Filter Include="Source Files\Objects">
      <UniqueIdentifier>{d046be30-3dd2-41fe-bf3f-556fb523d134}</UniqueIdentifier>
    </Filter>
    <Filter Include="Source Files\Objects\BoxChar">
      <UniqueIdentifier>{a714a623-cee6-4917-8b8d-20d3297d1431}</UniqueIdentifier>
    </Filter>
    <Filter Include="Source Files\Obj">
      <UniqueIdentifier>{94be9256-8e38-441d-b824-4c5a0a955fa1}</UniqueIdentifier>
    </Filter>
    <Filter Include="Source Files\Obj\Manager">
      <UniqueIdentifier>{a6f78b23-4b93-4ab3-a37d-7796351179dd}</UniqueIdentifier>
    </Filter>
    <Filter Include="Source Files\Manager">
      <UniqueIdentifier>{c92ac460-d442-457f-b7bc-b17bc2998ec1}</UniqueIdentifier>
    </Filter>
    <Filter Include="Source Files\Light">
      <UniqueIdentifier>{b60548f7-7fba-4ef2-8b33-c81c825f6c11}</UniqueIdentifier>
    </Filter>
    <Filter Include="Source Files\Ase">
      <UniqueIdentifier>{4bdc6566-d210-4e51-8c11-1c26186ae288}</UniqueIdentifier>
    </Filter>
    <Filter Include="Source Files\Parser">
      <UniqueIdentifier>{a05a3102-271a-41fe-9e5c-af59d567f0f5}</UniqueIdentifier>
    </Filter>
    <Filter Include="Source Files\Terrain">
      <UniqueIdentifier>{ee414505-a04f-4637-9391-7da81c0d85fc}</UniqueIdentifier>
    </Filter>
    <Filter Include="Source Files\Sprite">
      <UniqueIdentifier>{ca323265-78eb-4a58-9344-cf9217c40180}</UniqueIdentifier>
    </Filter>
  </ItemGroup>
  <ItemGroup>
    <Text Include="ReadMe.txt" />
  </ItemGroup>
  <ItemGroup>
    <ClInclude Include="stdafx.h">
      <Filter>Header Files</Filter>
    </ClInclude>
    <ClInclude Include="targetver.h">
      <Filter>Header Files</Filter>
    </ClInclude>
    <ClInclude Include="Resource.h">
      <Filter>Header Files</Filter>
    </ClInclude>
    <ClInclude Include="D3D_First.h">
      <Filter>Header Files</Filter>
    </ClInclude>
    <ClInclude Include="GameScene.h">
      <Filter>Source Files</Filter>
    </ClInclude>
    <ClInclude Include="MyCamera.h">
      <Filter>Source Files\Objects</Filter>
    </ClInclude>
    <ClInclude Include="ObjectSrc\ObjectManager.h">
      <Filter>Source Files\Obj\Manager</Filter>
    </ClInclude>
    <ClInclude Include="ObjectSrc\TextureManager.h">
      <Filter>Source Files\Obj\Manager</Filter>
    </ClInclude>
    <ClInclude Include="ObjectSrc\OBJ_Loader.h">
      <Filter>Source Files\Obj</Filter>
    </ClInclude>
    <ClInclude Include="ObjectSrc\ObjData.h">
      <Filter>Source Files\Obj</Filter>
    </ClInclude>
    <ClInclude Include="ObjectSrc\Group.h">
      <Filter>Source Files\Obj</Filter>
    </ClInclude>
    <ClInclude Include="ObjectSrc\MtlTex.h">
      <Filter>Source Files\Obj</Filter>
    </ClInclude>
    <ClInclude Include="ObjectSrc\PlayerSrc\BCBody.h">
      <Filter>Source Files\Objects\BoxChar</Filter>
    </ClInclude>
    <ClInclude Include="ObjectSrc\PlayerSrc\BCHead.h">
      <Filter>Source Files\Objects\BoxChar</Filter>
    </ClInclude>
    <ClInclude Include="ObjectSrc\PlayerSrc\BCLeftArm.h">
      <Filter>Source Files\Objects\BoxChar</Filter>
    </ClInclude>
    <ClInclude Include="ObjectSrc\PlayerSrc\BCLeftLeg.h">
      <Filter>Source Files\Objects\BoxChar</Filter>
    </ClInclude>
    <ClInclude Include="ObjectSrc\PlayerSrc\BCRightArm.h">
      <Filter>Source Files\Objects\BoxChar</Filter>
    </ClInclude>
    <ClInclude Include="ObjectSrc\PlayerSrc\BCRightLeg.h">
      <Filter>Source Files\Objects\BoxChar</Filter>
    </ClInclude>
    <ClInclude Include="ObjectSrc\PlayerSrc\BoxChar.h">
      <Filter>Source Files\Objects\BoxChar</Filter>
    </ClInclude>
    <ClInclude Include="MyMath.h">
      <Filter>Source Files</Filter>
    </ClInclude>
    <ClInclude Include="ManagerSrc\DeviceManager.h">
      <Filter>Source Files\Manager</Filter>
    </ClInclude>
    <ClInclude Include="LightSrc\MyLight.h">
      <Filter>Source Files\Light</Filter>
    </ClInclude>
    <ClInclude Include="ObjectSrc\MyGrid.h">
      <Filter>Source Files\Objects</Filter>
    </ClInclude>
    <ClInclude Include="ObjectSrc\Box.h">
      <Filter>Source Files\Objects</Filter>
    </ClInclude>
    <ClInclude Include="ObjectSrc\Objects.h">
      <Filter>Source Files\Objects</Filter>
    </ClInclude>
    <ClInclude Include="CollisionManager.h">
      <Filter>Source Files\Manager</Filter>
    </ClInclude>
    <ClInclude Include="objUnit.h">
      <Filter>Source Files\Obj</Filter>
    </ClInclude>
    <ClInclude Include="ObjectNode.h">
      <Filter>Header Files</Filter>
    </ClInclude>
    <ClInclude Include="Parser.h">
      <Filter>Source Files\Parser</Filter>
    </ClInclude>
    <ClInclude Include="ObjectFrame.h">
      <Filter>Header Files</Filter>
    </ClInclude>
    <ClInclude Include="Asciitok.h">
      <Filter>Source Files\Ase</Filter>
    </ClInclude>
    <ClInclude Include="ASE_Loader.h">
      <Filter>Source Files\Ase</Filter>
    </ClInclude>
    <ClInclude Include="Terrain.h">
      <Filter>Source Files\Terrain</Filter>
    </ClInclude>
    <ClInclude Include="UIManager.h">
      <Filter>Source Files\Manager</Filter>
    </ClInclude>
    <ClInclude Include="MySprite.h">
      <Filter>Source Files\Sprite</Filter>
    </ClInclude>
    <ClInclude Include="cUIPanel.h">
      <Filter>Header Files</Filter>
    </ClInclude>
  </ItemGroup>
  <ItemGroup>
    <ClCompile Include="stdafx.cpp">
      <Filter>Source Files</Filter>
    </ClCompile>
    <ClCompile Include="D3D_First.cpp">
      <Filter>Source Files</Filter>
    </ClCompile>
    <ClCompile Include="GameScene.cpp">
      <Filter>Source Files</Filter>
    </ClCompile>
    <ClCompile Include="MyMath.cpp">
      <Filter>Source Files</Filter>
    </ClCompile>
    <ClCompile Include="ObjectSrc\ObjectManager.cpp">
      <Filter>Source Files\Obj\Manager</Filter>
    </ClCompile>
    <ClCompile Include="ObjectSrc\TextureManager.cpp">
      <Filter>Source Files\Obj\Manager</Filter>
    </ClCompile>
    <ClCompile Include="ObjectSrc\OBJ_Loader.cpp">
      <Filter>Source Files\Obj</Filter>
    </ClCompile>
    <ClCompile Include="ObjectSrc\ObjData.cpp">
      <Filter>Source Files\Obj</Filter>
    </ClCompile>
    <ClCompile Include="ObjectSrc\Group.cpp">
      <Filter>Source Files\Obj</Filter>
    </ClCompile>
    <ClCompile Include="ObjectSrc\MtlTex.cpp">
      <Filter>Source Files\Obj</Filter>
    </ClCompile>
    <ClCompile Include="ObjectSrc\PlayerSrc\BCBody.cpp">
      <Filter>Source Files\Objects\BoxChar</Filter>
    </ClCompile>
    <ClCompile Include="ObjectSrc\PlayerSrc\BCHead.cpp">
      <Filter>Source Files\Objects\BoxChar</Filter>
    </ClCompile>
    <ClCompile Include="ObjectSrc\PlayerSrc\BCLeftArm.cpp">
      <Filter>Source Files\Objects\BoxChar</Filter>
    </ClCompile>
    <ClCompile Include="ObjectSrc\PlayerSrc\BCLeftLeg.cpp">
      <Filter>Source Files\Objects\BoxChar</Filter>
    </ClCompile>
    <ClCompile Include="ObjectSrc\PlayerSrc\BCRightArm.cpp">
      <Filter>Source Files\Objects\BoxChar</Filter>
    </ClCompile>
    <ClCompile Include="ObjectSrc\PlayerSrc\BCRightLeg.cpp">
      <Filter>Source Files\Objects\BoxChar</Filter>
    </ClCompile>
    <ClCompile Include="ObjectSrc\PlayerSrc\BoxChar.cpp">
      <Filter>Source Files\Objects\BoxChar</Filter>
    </ClCompile>
    <ClCompile Include="MyCamera.cpp">
      <Filter>Source Files\Objects</Filter>
    </ClCompile>
    <ClCompile Include="ManagerSrc\DeviceManager.cpp">
      <Filter>Source Files\Manager</Filter>
    </ClCompile>
    <ClCompile Include="LightSrc\MyLight.cpp">
      <Filter>Source Files\Light</Filter>
    </ClCompile>
    <ClCompile Include="ObjectSrc\MyGrid.cpp">
      <Filter>Source Files\Objects</Filter>
    </ClCompile>
    <ClCompile Include="ObjectSrc\Box.cpp">
      <Filter>Source Files\Objects</Filter>
    </ClCompile>
    <ClCompile Include="ObjectSrc\Objects.cpp">
      <Filter>Source Files\Objects</Filter>
    </ClCompile>
    <ClCompile Include="CollisionManager.cpp">
      <Filter>Source Files\Manager</Filter>
    </ClCompile>
    <ClCompile Include="objUnit.cpp">
      <Filter>Source Files\Obj</Filter>
    </ClCompile>
    <ClCompile Include="ObjectNode.cpp">
      <Filter>Source Files</Filter>
    </ClCompile>
    <ClCompile Include="Parser.cpp">
      <Filter>Source Files\Parser</Filter>
    </ClCompile>
    <ClCompile Include="ObjectFrame.cpp">
      <Filter>Source Files</Filter>
    </ClCompile>
    <ClCompile Include="ASE_Loader.cpp">
      <Filter>Source Files\Ase</Filter>
    </ClCompile>
    <ClCompile Include="Terrain.cpp">
      <Filter>Source Files\Terrain</Filter>
    </ClCompile>
    <ClCompile Include="UIManager.cpp">
      <Filter>Source Files\Manager</Filter>
    </ClCompile>
    <ClCompile Include="MySprite.cpp">
      <Filter>Source Files\Sprite</Filter>
    </ClCompile>
    <ClCompile Include="cUIPanel.cpp">
      <Filter>Source Files</Filter>
    </ClCompile>
  </ItemGroup>
  <ItemGroup>
    <ResourceCompile Include="D3D_First.rc">
      <Filter>Resource Files</Filter>
    </ResourceCompile>
  </ItemGroup>
  <ItemGroup>
    <Image Include="small.ico">
      <Filter>Resource Files</Filter>
    </Image>
    <Image Include="D3D_First.ico">
      <Filter>Resource Files</Filter>
    </Image>
  </ItemGroup>
</Project>